
Microsoft Visual Studio Solution File, Format Version 12.00
# Visual Studio Version 16
VisualStudioVersion = 16.0.31410.357
MinimumVisualStudioVersion = 10.0.40219.1
Project("{FAE04EC0-301F-11D3-BF4B-00C04F79EFBC}") = "ConsoleAppHello", "ConsoleAppHello\ConsoleAppHello.csproj", "{9BB0D08D-2508-466F-B714-E87A79275AC2}"
EndProject
Project("{FAE04EC0-301F-11D3-BF4B-00C04F79EFBC}") = "WpfAppHello", "WpfAppHello\WpfAppHello.csproj", "{C6A8B16A-AA38-4E3D-801C-5A215EE8F9BE}"
EndProject
Global
	GlobalSection(SolutionConfigurationPlatforms) = preSolution
		Debug|Any CPU = Debug|Any CPU
		Release|Any CPU = Release|Any CPU
	EndGlobalSection
	GlobalSection(ProjectConfigurationPlatforms) = postSolution
		{9BB0D08D-2508-466F-B714-E87A79275AC2}.Debug|Any CPU.ActiveCfg = Debug|Any CPU
		{9BB0D08D-2508-466F-B714-E87A79275AC2}.Debug|Any CPU.Build.0 = Debug|Any CPU
		{9BB0D08D-2508-466F-B714-E87A79275AC2}.Release|Any CPU.ActiveCfg = Release|Any CPU
		{9BB0D08D-2508-466F-B714-E87A79275AC2}.Release|Any CPU.Build.0 = Release|Any CPU
		{C6A8B16A-AA38-4E3D-801C-5A215EE8F9BE}.Debug|Any CPU.ActiveCfg = Debug|Any CPU
		{C6A8B16A-AA38-4E3D-801C-5A215EE8F9BE}.Debug|Any CPU.Build.0 = Debug|Any CPU
		{C6A8B16A-AA38-4E3D-801C-5A215EE8F9BE}.Release|Any CPU.ActiveCfg = Release|Any CPU
		{C6A8B16A-AA38-4E3D-801C-5A215EE8F9BE}.Release|Any CPU.Build.0 = Release|Any CPU
	EndGlobalSection
	GlobalSection(SolutionProperties) = preSolution
		HideSolutionNode = FALSE
	EndGlobalSection
	GlobalSection(ExtensibilityGlobals) = postSolution
		SolutionGuid = {2DF6CF9B-7855-4074-9C53-73497817E5A3}
	EndGlobalSection
EndGlobal
